{
  "name": "projectName",
  "version": "1.0.0",
  "lockfileVersion": 2,
  "requires": true,
  "packages": {
    "": {
      "name": "projectName",
      "version": "1.0.0",
      "license": "ISC",
      "dependencies": {
        "custom-select": "^1.1.15",
        "jquery-nice-select": "^1.1.0",
        "magnific-popup": "^1.1.0",
        "normalize.css": "^8.0.1"
      }
    },
    "node_modules/custom-event-polyfill": {
      "version": "0.3.0",
      "resolved": "https://registry.npmjs.org/custom-event-polyfill/-/custom-event-polyfill-0.3.0.tgz",
      "integrity": "sha1-mYB4Ob5i7bRGtkWDLg2A6tb6GIg="
    },
    "node_modules/custom-select": {
      "version": "1.1.15",
      "resolved": "https://registry.npmjs.org/custom-select/-/custom-select-1.1.15.tgz",
      "integrity": "sha512-hkxx4atVZ6sj0auhgtPPHa8tKuGGkhwrgBZatxOMSLUAVbljQklMzPAqs/H+t8SYPHRL2AFwUJuRiKtq4MltSA==",
      "dependencies": {
        "custom-event-polyfill": "^0.3.0"
      }
    },
    "node_modules/jquery": {
      "version": "2.2.4",
      "resolved": "https://registry.npmjs.org/jquery/-/jquery-2.2.4.tgz",
      "integrity": "sha1-LInWiJterFIqfuoywUUhVZxsvwI="
    },
    "node_modules/jquery-nice-select": {
      "version": "1.1.0",
      "resolved": "https://registry.npmjs.org/jquery-nice-select/-/jquery-nice-select-1.1.0.tgz",
      "integrity": "sha1-nNWQ/q1Wr+a8zUEpQpP7o1YYnH0=",
      "dependencies": {
        "jquery": "^2.2.3"
      }
    },
    "node_modules/magnific-popup": {
      "version": "1.1.0",
      "resolved": "https://registry.npmjs.org/magnific-popup/-/magnific-popup-1.1.0.tgz",
      "integrity": "sha1-PnNixb0Y9nhf6Z5Z0BPiCvM9MEk=",
      "engines": {
        "node": ">= 0.8.0"
      }
    },
    "node_modules/normalize.css": {
      "version": "8.0.1",
      "resolved": "https://registry.npmjs.org/normalize.css/-/normalize.css-8.0.1.tgz",
      "integrity": "sha512-qizSNPO93t1YUuUhP22btGOo3chcvDFqFaj2TRybP0DMxkHOCTYwp3n34fel4a31ORXy4m1Xq0Gyqpb5m33qIg=="
    }
  },
  "dependencies": {
    "custom-event-polyfill": {
      "version": "0.3.0",
      "resolved": "https://registry.npmjs.org/custom-event-polyfill/-/custom-event-polyfill-0.3.0.tgz",
      "integrity": "sha1-mYB4Ob5i7bRGtkWDLg2A6tb6GIg="
    },
    "custom-select": {
      "version": "1.1.15",
      "resolved": "https://registry.npmjs.org/custom-select/-/custom-select-1.1.15.tgz",
      "integrity": "sha512-hkxx4atVZ6sj0auhgtPPHa8tKuGGkhwrgBZatxOMSLUAVbljQklMzPAqs/H+t8SYPHRL2AFwUJuRiKtq4MltSA==",
      "requires": {
        "custom-event-polyfill": "^0.3.0"
      }
    },
    "jquery": {
      "version": "2.2.4",
      "resolved": "https://registry.npmjs.org/jquery/-/jquery-2.2.4.tgz",
      "integrity": "sha1-LInWiJterFIqfuoywUUhVZxsvwI="
    },
    "jquery-nice-select": {
      "version": "1.1.0",
      "resolved": "https://registry.npmjs.org/jquery-nice-select/-/jquery-nice-select-1.1.0.tgz",
      "integrity": "sha1-nNWQ/q1Wr+a8zUEpQpP7o1YYnH0=",
      "requires": {
        "jquery": "^2.2.3"
      }
    },
    "magnific-popup": {
      "version": "1.1.0",
      "resolved": "https://registry.npmjs.org/magnific-popup/-/magnific-popup-1.1.0.tgz",
      "integrity": "sha1-PnNixb0Y9nhf6Z5Z0BPiCvM9MEk="
    },
    "normalize.css": {
      "version": "8.0.1",
      "resolved": "https://registry.npmjs.org/normalize.css/-/normalize.css-8.0.1.tgz",
      "integrity": "sha512-qizSNPO93t1YUuUhP22btGOo3chcvDFqFaj2TRybP0DMxkHOCTYwp3n34fel4a31ORXy4m1Xq0Gyqpb5m33qIg=="
    }
  }
}
